// !$*UTF8*$!
{
	archiveVersion = 1;
	classes = {
	};
	objectVersion = 46;
	objects = {

/* Begin PBXBuildFile section */
		D3BCE2121EF8274000121721 /* AppDelegate.swift in Sources */ = {isa = PBXBuildFile; fileRef = D3BCE2111EF8274000121721 /* AppDelegate.swift */; };
		D3BCE2171EF8274000121721 /* Main.storyboard in Resources */ = {isa = PBXBuildFile; fileRef = D3BCE2151EF8274000121721 /* Main.storyboard */; };
		D3BCE2191EF8274000121721 /* Assets.xcassets in Resources */ = {isa = PBXBuildFile; fileRef = D3BCE2181EF8274000121721 /* Assets.xcassets */; };
		D3BCE21C1EF8274000121721 /* LaunchScreen.storyboard in Resources */ = {isa = PBXBuildFile; fileRef = D3BCE21A1EF8274000121721 /* LaunchScreen.storyboard */; };
		D3BCE2241EF8465400121721 /* ConversionViewController.swift in Sources */ = {isa = PBXBuildFile; fileRef = D3BCE2231EF8465400121721 /* ConversionViewController.swift */; };
		D3BCE2271EF85A6200121721 /* MapKit.framework in Frameworks */ = {isa = PBXBuildFile; fileRef = D3BCE2261EF85A6200121721 /* MapKit.framework */; };
		D3BCE2291EF85D7200121721 /* MapViewController.swift in Sources */ = {isa = PBXBuildFile; fileRef = D3BCE2281EF85D7200121721 /* MapViewController.swift */; };
/* End PBXBuildFile section */

/* Begin PBXFileReference section */
		D3BCE20E1EF8274000121721 /* WorldTrotter.app */ = {isa = PBXFileReference; explicitFileType = wrapper.application; includeInIndex = 0; path = WorldTrotter.app; sourceTree = BUILT_PRODUCTS_DIR; };
		D3BCE2111EF8274000121721 /* AppDelegate.swift */ = {isa = PBXFileReference; lastKnownFileType = sourcecode.swift; path = AppDelegate.swift; sourceTree = "<group>"; };
		D3BCE2161EF8274000121721 /* Base */ = {isa = PBXFileReference; lastKnownFileType = file.storyboard; name = Base; path = Base.lproj/Main.storyboard; sourceTree = "<group>"; };
		D3BCE2181EF8274000121721 /* Assets.xcassets */ = {isa = PBXFileReference; lastKnownFileType = folder.assetcatalog; path = Assets.xcassets; sourceTree = "<group>"; };
		D3BCE21B1EF8274000121721 /* Base */ = {isa = PBXFileReference; lastKnownFileType = file.storyboard; name = Base; path = Base.lproj/LaunchScreen.storyboard; sourceTree = "<group>"; };
		D3BCE21D1EF8274000121721 /* Info.plist */ = {isa = PBXFileReference; lastKnownFileType = text.plist.xml; path = Info.plist; sourceTree = "<group>"; };
		D3BCE2231EF8465400121721 /* ConversionViewController.swift */ = {isa = PBXFileReference; fileEncoding = 4; lastKnownFileType = sourcecode.swift; name = ConversionViewController.swift; path = ../ConversionViewController.swift; sourceTree = "<group>"; };
		D3BCE2261EF85A6200121721 /* MapKit.framework */ = {isa = PBXFileReference; lastKnownFileType = wrapper.framework; name = MapKit.framework; path = System/Library/Frameworks/MapKit.framework; sourceTree = SDKROOT; };
		D3BCE2281EF85D7200121721 /* MapViewController.swift */ = {isa = PBXFileReference; fileEncoding = 4; lastKnownFileType = sourcecode.swift; path = MapViewController.swift; sourceTree = "<group>"; };
/* End PBXFileReference section */

/* Begin PBXFrameworksBuildPhase section */
		D3BCE20B1EF8274000121721 /* Frameworks */ = {
			isa = PBXFrameworksBuildPhase;
			buildActionMask = 2147483647;
			files = (
				D3BCE2271EF85A6200121721 /* MapKit.framework in Frameworks */,
			);
			runOnlyForDeploymentPostprocessing = 0;
		};
/* End PBXFrameworksBuildPhase section */

/* Begin PBXGroup section */
		D3BCE2051EF8274000121721 = {
			isa = PBXGroup;
			children = (
				D3BCE2101EF8274000121721 /* WorldTrotter */,
				D3BCE20F1EF8274000121721 /* Products */,
				D3BCE2251EF85A6100121721 /* Frameworks */,
			);
			sourceTree = "<group>";
		};
		D3BCE20F1EF8274000121721 /* Products */ = {
			isa = PBXGroup;
			children = (
				D3BCE20E1EF8274000121721 /* WorldTrotter.app */,
			);
			name = Products;
			sourceTree = "<group>";
		};
		D3BCE2101EF8274000121721 /* WorldTrotter */ = {
			isa = PBXGroup;
			children = (
				D3BCE2231EF8465400121721 /* ConversionViewController.swift */,
				D3BCE2111EF8274000121721 /* AppDelegate.swift */,
				D3BCE2151EF8274000121721 /* Main.storyboard */,
				D3BCE2281EF85D7200121721 /* MapViewController.swift */,
				D3BCE2181EF8274000121721 /* Assets.xcassets */,
				D3BCE21A1EF8274000121721 /* LaunchScreen.storyboard */,
				D3BCE21D1EF8274000121721 /* Info.plist */,
			);
			path = WorldTrotter;
			sourceTree = "<group>";
		};
		D3BCE2251EF85A6100121721 /* Frameworks */ = {
			isa = PBXGroup;
			children = (
				D3BCE2261EF85A6200121721 /* MapKit.framework */,
			);
			name = Frameworks;
			sourceTree = "<group>";
		};
/* End PBXGroup section */

/* Begin PBXNativeTarget section */
		D3BCE20D1EF8274000121721 /* WorldTrotter */ = {
			isa = PBXNativeTarget;
			buildConfigurationList = D3BCE2201EF8274000121721 /* Build configuration list for PBXNativeTarget "WorldTrotter" */;
			buildPhases = (
				D3BCE20A1EF8274000121721 /* Sources */,
				D3BCE20B1EF8274000121721 /* Frameworks */,
				D3BCE20C1EF8274000121721 /* Resources */,
			);
			buildRules = (
			);
			dependencies = (
			);
			name = WorldTrotter;
			productName = WorldTrotter;
			productReference = D3BCE20E1EF8274000121721 /* WorldTrotter.app */;
			productType = "com.apple.product-type.application";
		};
/* End PBXNativeTarget section */

/* Begin PBXProject section */
		D3BCE2061EF8274000121721 /* Project object */ = {
			isa = PBXProject;
			attributes = {
				LastSwiftUpdateCheck = 0820;
				LastUpgradeCheck = 0820;
				ORGANIZATIONNAME = "Anna Chan";
				TargetAttributes = {
					D3BCE20D1EF8274000121721 = {
						CreatedOnToolsVersion = 8.2.1;
						DevelopmentTeam = P98W5J4334;
						ProvisioningStyle = Automatic;
					};
				};
			};
			buildConfigurationList = D3BCE2091EF8274000121721 /* Build configuration list for PBXProject "WorldTrotter" */;
			compatibilityVersion = "Xcode 3.2";
			developmentRegion = English;
			hasScannedForEncodings = 0;
			knownRegions = (
				en,
				Base,
			);
			mainGroup = D3BCE2051EF8274000121721;
			productRefGroup = D3BCE20F1EF8274000121721 /* Products */;
			projectDirPath = "";
			projectRoot = "";
			targets = (
				D3BCE20D1EF8274000121721 /* WorldTrotter */,
			);
		};
/* End PBXProject section */

/* Begin PBXResourcesBuildPhase section */
		D3BCE20C1EF8274000121721 /* Resources */ = {
			isa = PBXResourcesBuildPhase;
			buildActionMask = 2147483647;
			files = (
				D3BCE21C1EF8274000121721 /* LaunchScreen.storyboard in Resources */,
				D3BCE2191EF8274000121721 /* Assets.xcassets in Resources */,
				D3BCE2171EF8274000121721 /* Main.storyboard in Resources */,
			);
			runOnlyForDeploymentPostprocessing = 0;
		};
/* End PBXResourcesBuildPhase section */

/* Begin PBXSourcesBuildPhase section */
		D3BCE20A1EF8274000121721 /* Sources */ = {
			isa = PBXSourcesBuildPhase;
			buildActionMask = 2147483647;
			files = (
				D3BCE2241EF8465400121721 /* ConversionViewController.swift in Sources */,
				D3BCE2291EF85D7200121721 /* MapViewController.swift in Sources */,
				D3BCE2121EF8274000121721 /* AppDelegate.swift in Sources */,
			);
			runOnlyForDeploymentPostprocessing = 0;
		};
/* End PBXSourcesBuildPhase section */

/* Begin PBXVariantGroup section */
		D3BCE2151EF8274000121721 /* Main.storyboard */ = {
			isa = PBXVariantGroup;
			children = (
				D3BCE2161EF8274000121721 /* Base */,
			);
			name = Main.storyboard;
			sourceTree = "<group>";
		};
		D3BCE21A1EF8274000121721 /* LaunchScreen.storyboard */ = {
			isa = PBXVariantGroup;
			children = (
				D3BCE21B1EF8274000121721 /* Base */,
			);
			name = LaunchScreen.storyboard;
			sourceTree = "<group>";
		};
/* End PBXVariantGroup section */

/* Begin XCBuildConfiguration section */
		D3BCE21E1EF8274000121721 /* Debug */ = {
			isa = XCBuildConfiguration;
			buildSettings = {
				ALWAYS_SEARCH_USER_PATHS = NO;
				CLANG_ANALYZER_NONNULL = YES;
				CLANG_CXX_LANGUAGE_STANDARD = "gnu++0x";
				CLANG_CXX_LIBRARY = "libc++";
				CLANG_ENABLE_MODULES = YES;
				CLANG_ENABLE_OBJC_ARC = YES;
				CLANG_WARN_BOOL_CONVERSION = YES;
				CLANG_WARN_CONSTANT_CONVERSION = YES;
				CLANG_WARN_DIRECT_OBJC_ISA_USAGE = YES_ERROR;
				CLANG_WARN_DOCUMENTATION_COMMENTS = YES;
				CLANG_WARN_EMPTY_BODY = YES;
				CLANG_WARN_ENUM_CONVERSION = YES;
				CLANG_WARN_INFINITE_RECURSION = YES;
				CLANG_WARN_INT_CONVERSION = YES;
				CLANG_WARN_OBJC_ROOT_CLASS = YES_ERROR;
				CLANG_WARN_SUSPICIOUS_MOVE = YES;
				CLANG_WARN_UNREACHABLE_CODE = YES;
				CLANG_WARN__DUPLICATE_METHOD_MATCH = YES;
				"CODE_SIGN_IDENTITY[sdk=iphoneos*]" = "iPhone Developer";
				COPY_PHASE_STRIP = NO;
				DEBUG_INFORMATION_FORMAT = dwarf;
				ENABLE_STRICT_OBJC_MSGSEND = YES;
				ENABLE_TESTABILITY = YES;
				GCC_C_LANGUAGE_STANDARD = gnu99;
				GCC_DYNAMIC_NO_PIC = NO;
				GCC_NO_COMMON_BLOCKS = YES;
				GCC_OPTIMIZATION_LEVEL = 0;
				GCC_PREPROCESSOR_DEFINITIONS = (
					"DEBUG=1",
					"$(inherited)",
				);
				GCC_WARN_64_TO_32_BIT_CONVERSION = YES;
				GCC_WARN_ABOUT_RETURN_TYPE = YES_ERROR;
				GCC_WARN_UNDECLARED_SELECTOR = YES;
				GCC_WARN_UNINITIALIZED_AUTOS = YES_AGGRESSIVE;
				GCC_WARN_UNUSED_FUNCTION = YES;
				GCC_WARN_UNUSED_VARIABLE = YES;
				IPHONEOS_DEPLOYMENT_TARGET = 10.2;
				MTL_ENABLE_DEBUG_INFO = YES;
				ONLY_ACTIVE_ARCH = YES;
				SDKROOT = iphoneos;
				SWIFT_ACTIVE_COMPILATION_CONDITIONS = DEBUG;
				SWIFT_OPTIMIZATION_LEVEL = "-Onone";
				TARGETED_DEVICE_FAMILY = "1,2";
			};
			name = Debug;
		};
		D3BCE21F1EF8274000121721 /* Release */ = {
			isa = XCBuildConfiguration;
			buildSettings = {
				ALWAYS_SEARCH_USER_PATHS = NO;
				CLANG_ANALYZER_NONNULL = YES;
				CLANG_CXX_LANGUAGE_STANDARD = "gnu++0x";
				CLANG_CXX_LIBRARY = "libc++";
				CLANG_ENABLE_MODULES = YES;
				CLANG_ENABLE_OBJC_ARC = YES;
				CLANG_WARN_BOOL_CONVERSION = YES;
				CLANG_WARN_CONSTANT_CONVERSION = YES;
				CLANG_WARN_DIRECT_OBJC_ISA_USAGE = YES_ERROR;
				CLANG_WARN_DOCUMENTATION_COMMENTS = YES;
				CLANG_WARN_EMPTY_BODY = YES;
				CLANG_WARN_ENUM_CONVERSION = YES;
				CLANG_WARN_INFINITE_RECURSION = YES;
				CLANG_WARN_INT_CONVERSION = YES;
				CLANG_WARN_OBJC_ROOT_CLASS = YES_ERROR;
				CLANG_WARN_SUSPICIOUS_MOVE = YES;
				CLANG_WARN_UNREACHABLE_CODE = YES;
				CLANG_WARN__DUPLICATE_METHOD_MATCH = YES;
				"CODE_SIGN_IDENTITY[sdk=iphoneos*]" = "iPhone Developer";
				COPY_PHASE_STRIP = NO;
				DEBUG_INFORMATION_FORMAT = "dwarf-with-dsym";
				ENABLE_NS_ASSERTIONS = NO;
				ENABLE_STRICT_OBJC_MSGSEND = YES;
				GCC_C_LANGUAGE_STANDARD = gnu99;
				GCC_NO_COMMON_BLOCKS = YES;
				GCC_WARN_64_TO_32_BIT_CONVERSION = YES;
				GCC_WARN_ABOUT_RETURN_TYPE = YES_ERROR;
				GCC_WARN_UNDECLARED_SELECTOR = YES;
				GCC_WARN_UNINITIALIZED_AUTOS = YES_AGGRESSIVE;
				GCC_WARN_UNUSED_FUNCTION = YES;
				GCC_WARN_UNUSED_VARIABLE = YES;
				IPHONEOS_DEPLOYMENT_TARGET = 10.2;
				MTL_ENABLE_DEBUG_INFO = NO;
				SDKROOT = iphoneos;
				SWIFT_OPTIMIZATION_LEVEL = "-Owholemodule";
				TARGETED_DEVICE_FAMILY = "1,2";
				VALIDATE_PRODUCT = YES;
			};
			name = Release;
		};
		D3BCE2211EF8274000121721 /* Debug */ = {
			isa = XCBuildConfiguration;
			buildSettings = {
				ASSETCATALOG_COMPILER_APPICON_NAME = AppIcon;
				DEVELOPMENT_TEAM = P98W5J4334;
				INFOPLIST_FILE = WorldTrotter/Info.plist;
				LD_RUNPATH_SEARCH_PATHS = "$(inherited) @executable_path/Frameworks";
				PRODUCT_BUNDLE_IDENTIFIER = com.annachan.WorldTrotter;
				PRODUCT_NAME = "$(TARGET_NAME)";
				SWIFT_VERSION = 3.0;
			};
			name = Debug;
		};
		D3BCE2221EF8274000121721 /* Release */ = {
			isa = XCBuildConfiguration;
			buildSettings = {
				ASSETCATALOG_COMPILER_APPICON_NAME = AppIcon;
				DEVELOPMENT_TEAM = P98W5J4334;
				INFOPLIST_FILE = WorldTrotter/Info.plist;
				LD_RUNPATH_SEARCH_PATHS = "$(inherited) @executable_path/Frameworks";
				PRODUCT_BUNDLE_IDENTIFIER = com.annachan.WorldTrotter;
				PRODUCT_NAME = "$(TARGET_NAME)";
				SWIFT_VERSION = 3.0;
			};
			name = Release;
		};
/* End XCBuildConfiguration section */

/* Begin XCConfigurationList section */
		D3BCE2091EF8274000121721 /* Build configuration list for PBXProject "WorldTrotter" */ = {
			isa = XCConfigurationList;
			buildConfigurations = (
				D3BCE21E1EF8274000121721 /* Debug */,
				D3BCE21F1EF8274000121721 /* Release */,
			);
			defaultConfigurationIsVisible = 0;
			defaultConfigurationName = Release;
		};
		D3BCE2201EF8274000121721 /* Build configuration list for PBXNativeTarget "WorldTrotter" */ = {
			isa = XCConfigurationList;
			buildConfigurations = (
				D3BCE2211EF8274000121721 /* Debug */,
				D3BCE2221EF8274000121721 /* Release */,
			);
			defaultConfigurationIsVisible = 0;
		};
/* End XCConfigurationList section */
	};
	rootObject = D3BCE2061EF8274000121721 /* Project object */;
}
